
Microsoft Visual Studio Solution File, Format Version 12.00
Project("{9A19103F-16F7-4668-BE54-9A1E7A4F7556}") = "Decisions.Microsoft365.Exchange", "Decisions.Microsoft365.Exchange\Decisions.Microsoft365.Exchange.csproj", "{B2DAE5B4-0319-4DFD-88D7-A6399E6ECFF7}"
EndProject
Global
	GlobalSection(SolutionConfigurationPlatforms) = preSolution
		Debug|Any CPU = Debug|Any CPU
		Release|Any CPU = Release|Any CPU
	EndGlobalSection
	GlobalSection(ProjectConfigurationPlatforms) = postSolution
		{64E05579-496E-4502-87A9-574AE30D3413}.Debug|Any CPU.ActiveCfg = Debug|Any CPU
		{64E05579-496E-4502-87A9-574AE30D3413}.Debug|Any CPU.Build.0 = Debug|Any CPU
		{64E05579-496E-4502-87A9-574AE30D3413}.Release|Any CPU.ActiveCfg = Release|Any CPU
		{64E05579-496E-4502-87A9-574AE30D3413}.Release|Any CPU.Build.0 = Release|Any CPU
	EndGlobalSection
EndGlobal
